{
  "version": 2,
  "deployments": {
    "production": {
      "target": "akash",
      "profile": "production",
      "deployedAt": "2026-02-26T21:05:39.307Z",
      "akash": {
        "dseq": 25705704,
        "owner": "akash13f8xpdpjj6585ng92wvpcd832c5a6mcfhws5fr",
        "provider": "akash1v4mngfecem3xz0lqyr054na5g49andmyvnyykk",
        "providerUri": "https://provider.cap-test-compute.com:8443/",
        "network": "mainnet",
        "gseq": 1,
        "oseq": 1
      }
    },
    "local": {
      "target": "local",
      "profile": "local",
      "deployedAt": "2026-02-27T23:19:31.139Z",
      "local": {
        "composePath": "/Users/coreyclark/Sites/Git/HuMIn/GitLab/kadi_dev/abilities/arcadedb-ability/docker-compose.yml",
        "engine": "docker",
        "network": "kadi-net",
        "services": [
          "agent"
        ],
        "containers": {
          "agent": "233e69f6da22"
        }
      }
    }
  }
}
